
Microsoft Visual Studio Solution File, Format Version 12.00
# Visual Studio Version 17
VisualStudioVersion = 17.7.34221.43
MinimumVisualStudioVersion = 10.0.40219.1
Project("{FAE04EC0-301F-11D3-BF4B-00C04F79EFBC}") = "Registeration&Login-Desktop_Application", "Registeration&Login-Desktop_Application\Registeration&Login-Desktop_Application.csproj", "{EFB4498E-A129-47B3-A505-411ACF715D07}"
EndProject
Global
	GlobalSection(SolutionConfigurationPlatforms) = preSolution
		Debug|Any CPU = Debug|Any CPU
		Release|Any CPU = Release|Any CPU
	EndGlobalSection
	GlobalSection(ProjectConfigurationPlatforms) = postSolution
		{EFB4498E-A129-47B3-A505-411ACF715D07}.Debug|Any CPU.ActiveCfg = Debug|Any CPU
		{EFB4498E-A129-47B3-A505-411ACF715D07}.Debug|Any CPU.Build.0 = Debug|Any CPU
		{EFB4498E-A129-47B3-A505-411ACF715D07}.Release|Any CPU.ActiveCfg = Release|Any CPU
		{EFB4498E-A129-47B3-A505-411ACF715D07}.Release|Any CPU.Build.0 = Release|Any CPU
	EndGlobalSection
	GlobalSection(SolutionProperties) = preSolution
		HideSolutionNode = FALSE
	EndGlobalSection
	GlobalSection(ExtensibilityGlobals) = postSolution
		SolutionGuid = {C21EA789-FB70-4860-8244-3796546D8BE2}
	EndGlobalSection
EndGlobal
